
Microsoft Visual Studio Solution File, Format Version 12.00
# Visual Studio Version 17
VisualStudioVersion = 17.12.35323.107
MinimumVisualStudioVersion = 10.0.40219.1
Project("{FAE04EC0-301F-11D3-BF4B-00C04F79EFBC}") = "FunctionApp", "FunctionApp\FunctionApp.csproj", "{464134EC-1420-4AF0-B819-B02423AF2FCA}"
EndProject
Global
	GlobalSection(SolutionConfigurationPlatforms) = preSolution
		Debug|Any CPU = Debug|Any CPU
		Release|Any CPU = Release|Any CPU
	EndGlobalSection
	GlobalSection(ProjectConfigurationPlatforms) = postSolution
		{464134EC-1420-4AF0-B819-B02423AF2FCA}.Debug|Any CPU.ActiveCfg = Debug|Any CPU
		{464134EC-1420-4AF0-B819-B02423AF2FCA}.Debug|Any CPU.Build.0 = Debug|Any CPU
		{464134EC-1420-4AF0-B819-B02423AF2FCA}.Release|Any CPU.ActiveCfg = Release|Any CPU
		{464134EC-1420-4AF0-B819-B02423AF2FCA}.Release|Any CPU.Build.0 = Release|Any CPU
	EndGlobalSection
	GlobalSection(SolutionProperties) = preSolution
		HideSolutionNode = FALSE
	EndGlobalSection
	GlobalSection(ExtensibilityGlobals) = postSolution
		SolutionGuid = {0E60695C-A3A1-41C0-952A-D29474C91DDD}
	EndGlobalSection
EndGlobal
